
Microsoft Visual Studio Solution File, Format Version 12.00
# Visual Studio 15
VisualStudioVersion = 15.0.27703.2035
MinimumVisualStudioVersion = 10.0.40219.1
Project("{FAE04EC0-301F-11D3-BF4B-00C04F79EFBC}") = "WpfSender", "WpfSender\WpfSender.csproj", "{E5C2D56F-2691-4117-8789-7021735C1FE6}"
EndProject
Global
	GlobalSection(SolutionConfigurationPlatforms) = preSolution
		Debug|Any CPU = Debug|Any CPU
		Release|Any CPU = Release|Any CPU
	EndGlobalSection
	GlobalSection(ProjectConfigurationPlatforms) = postSolution
		{E5C2D56F-2691-4117-8789-7021735C1FE6}.Debug|Any CPU.ActiveCfg = Debug|Any CPU
		{E5C2D56F-2691-4117-8789-7021735C1FE6}.Debug|Any CPU.Build.0 = Debug|Any CPU
		{E5C2D56F-2691-4117-8789-7021735C1FE6}.Release|Any CPU.ActiveCfg = Release|Any CPU
		{E5C2D56F-2691-4117-8789-7021735C1FE6}.Release|Any CPU.Build.0 = Release|Any CPU
	EndGlobalSection
	GlobalSection(SolutionProperties) = preSolution
		HideSolutionNode = FALSE
	EndGlobalSection
	GlobalSection(ExtensibilityGlobals) = postSolution
		SolutionGuid = {3CC67822-801D-429F-85B4-F2C8D881E43D}
	EndGlobalSection
EndGlobal
